
Microsoft Visual Studio Solution File, Format Version 12.00
# Visual Studio Version 16
VisualStudioVersion = 16.0.32413.511
MinimumVisualStudioVersion = 10.0.40219.1
Project("{FAE04EC0-301F-11D3-BF4B-00C04F79EFBC}") = "NguyenVietHoang_BigSchool", "NguyenVietHoang_BigSchool.csproj", "{BD863B59-4848-46D6-ACE6-AC028AB89767}"
EndProject
Global
	GlobalSection(SolutionConfigurationPlatforms) = preSolution
		Debug|Any CPU = Debug|Any CPU
		Release|Any CPU = Release|Any CPU
	EndGlobalSection
	GlobalSection(ProjectConfigurationPlatforms) = postSolution
		{BD863B59-4848-46D6-ACE6-AC028AB89767}.Debug|Any CPU.ActiveCfg = Debug|Any CPU
		{BD863B59-4848-46D6-ACE6-AC028AB89767}.Debug|Any CPU.Build.0 = Debug|Any CPU
		{BD863B59-4848-46D6-ACE6-AC028AB89767}.Release|Any CPU.ActiveCfg = Release|Any CPU
		{BD863B59-4848-46D6-ACE6-AC028AB89767}.Release|Any CPU.Build.0 = Release|Any CPU
	EndGlobalSection
	GlobalSection(SolutionProperties) = preSolution
		HideSolutionNode = FALSE
	EndGlobalSection
	GlobalSection(ExtensibilityGlobals) = postSolution
		SolutionGuid = {DD0E0BAF-1C39-40F8-ACDB-2962801EC1CE}
	EndGlobalSection
EndGlobal
